
Microsoft Visual Studio Solution File, Format Version 12.00
# Visual Studio 15
VisualStudioVersion = 15.0.27428.1
MinimumVisualStudioVersion = 10.0.40219.1
Project("{FAE04EC0-301F-11D3-BF4B-00C04F79EFBC}") = "RepairDistribution", "RepairDistribution\RepairDistribution.csproj", "{2860150A-CD77-460E-AF21-9B288295E7BC}"
EndProject
Global
	GlobalSection(SolutionConfigurationPlatforms) = preSolution
		Debug|Any CPU = Debug|Any CPU
		Release|Any CPU = Release|Any CPU
	EndGlobalSection
	GlobalSection(ProjectConfigurationPlatforms) = postSolution
		{2860150A-CD77-460E-AF21-9B288295E7BC}.Debug|Any CPU.ActiveCfg = Debug|Any CPU
		{2860150A-CD77-460E-AF21-9B288295E7BC}.Debug|Any CPU.Build.0 = Debug|Any CPU
		{2860150A-CD77-460E-AF21-9B288295E7BC}.Release|Any CPU.ActiveCfg = Release|Any CPU
		{2860150A-CD77-460E-AF21-9B288295E7BC}.Release|Any CPU.Build.0 = Release|Any CPU
	EndGlobalSection
	GlobalSection(SolutionProperties) = preSolution
		HideSolutionNode = FALSE
	EndGlobalSection
	GlobalSection(ExtensibilityGlobals) = postSolution
		SolutionGuid = {4E04D6B5-6A67-407B-94D4-67FCFA4F495C}
	EndGlobalSection
EndGlobal
